
Microsoft Visual Studio Solution File, Format Version 12.00
# Visual Studio Version 17
VisualStudioVersion = 17.5.33530.505
MinimumVisualStudioVersion = 10.0.40219.1
Project("{FAE04EC0-301F-11D3-BF4B-00C04F79EFBC}") = "Krutolapov", "Krutolapov.csproj", "{994CA035-9A5E-435D-8848-CC73612C332F}"
EndProject
Global
	GlobalSection(SolutionConfigurationPlatforms) = preSolution
		Debug|Any CPU = Debug|Any CPU
		Release|Any CPU = Release|Any CPU
	EndGlobalSection
	GlobalSection(ProjectConfigurationPlatforms) = postSolution
		{994CA035-9A5E-435D-8848-CC73612C332F}.Debug|Any CPU.ActiveCfg = Debug|Any CPU
		{994CA035-9A5E-435D-8848-CC73612C332F}.Debug|Any CPU.Build.0 = Debug|Any CPU
		{994CA035-9A5E-435D-8848-CC73612C332F}.Release|Any CPU.ActiveCfg = Release|Any CPU
		{994CA035-9A5E-435D-8848-CC73612C332F}.Release|Any CPU.Build.0 = Release|Any CPU
	EndGlobalSection
	GlobalSection(SolutionProperties) = preSolution
		HideSolutionNode = FALSE
	EndGlobalSection
	GlobalSection(ExtensibilityGlobals) = postSolution
		SolutionGuid = {6A5D2427-6D80-4087-836E-1E6A3A28D6DE}
	EndGlobalSection
EndGlobal
